# This file is automatically @generated by Poetry 1.8.3 and should not be changed by hand.

[[package]]
name = "choosenim-install"
version = "0.5.5"
description = "Nim integration for Python"
optional = false
python-versions = ">3.0"
files = [
    {file = "choosenim_install-0.5.5.zip", hash = "sha256:f83b83b929046590a064314641c9d1c63263a4df32f97854dcc230dbdf231fb2"},
]

[[package]]
name = "faster-than-requests"
version = "21.03.03"
description = "Faster & simpler requests replacement for Python"
optional = false
python-versions = ">=3.6"
files = [
    {file = "faster_than_requests-21.03.03.zip", hash = "sha256:3cc247556e10c64d8897933304670c873236026b4ef9f219215b124e990c2dac"},
]

[metadata]
lock-version = "2.0"
python-versions = "^3.12"
content-hash = "3570489e1089a8c6e9ee110bfbd9efa15c781baf0bb9c9f5a96e20259110e870"
